// !$*UTF8*$!
{
	archiveVersion = 1;
	classes = {
	};
	objectVersion = 56;
	objects = {

/* Begin PBXBuildFile section */
		6A53774B2BD3F92700CE3247 /* AppDelegate.swift in Sources */ = {isa = PBXBuildFile; fileRef = 6A53774A2BD3F92700CE3247 /* AppDelegate.swift */; };
		6A53774D2BD3F92700CE3247 /* SceneDelegate.swift in Sources */ = {isa = PBXBuildFile; fileRef = 6A53774C2BD3F92700CE3247 /* SceneDelegate.swift */; };
		6A53774F2BD3F92700CE3247 /* ViewController.swift in Sources */ = {isa = PBXBuildFile; fileRef = 6A53774E2BD3F92700CE3247 /* ViewController.swift */; };
		6A5377522BD3F92700CE3247 /* Main.storyboard in Resources */ = {isa = PBXBuildFile; fileRef = 6A5377502BD3F92700CE3247 /* Main.storyboard */; };
		6A5377542BD3F92900CE3247 /* Assets.xcassets in Resources */ = {isa = PBXBuildFile; fileRef = 6A5377532BD3F92900CE3247 /* Assets.xcassets */; };
		6A5377572BD3F92900CE3247 /* LaunchScreen.storyboard in Resources */ = {isa = PBXBuildFile; fileRef = 6A5377552BD3F92900CE3247 /* LaunchScreen.storyboard */; };
		6A5377622BD3F92900CE3247 /* feed_case_studyTests.swift in Sources */ = {isa = PBXBuildFile; fileRef = 6A5377612BD3F92900CE3247 /* feed_case_studyTests.swift */; };
		6A53776C2BD3F92900CE3247 /* feed_case_studyUITests.swift in Sources */ = {isa = PBXBuildFile; fileRef = 6A53776B2BD3F92900CE3247 /* feed_case_studyUITests.swift */; };
		6A53776E2BD3F92900CE3247 /* feed_case_studyUITestsLaunchTests.swift in Sources */ = {isa = PBXBuildFile; fileRef = 6A53776D2BD3F92900CE3247 /* feed_case_studyUITestsLaunchTests.swift */; };
/* End PBXBuildFile section */

/* Begin PBXContainerItemProxy section */
		6A53775E2BD3F92900CE3247 /* PBXContainerItemProxy */ = {
			isa = PBXContainerItemProxy;
			containerPortal = 6A53773F2BD3F92700CE3247 /* Project object */;
			proxyType = 1;
			remoteGlobalIDString = 6A5377462BD3F92700CE3247;
			remoteInfo = "feed-case-study";
		};
		6A5377682BD3F92900CE3247 /* PBXContainerItemProxy */ = {
			isa = PBXContainerItemProxy;
			containerPortal = 6A53773F2BD3F92700CE3247 /* Project object */;
			proxyType = 1;
			remoteGlobalIDString = 6A5377462BD3F92700CE3247;
			remoteInfo = "feed-case-study";
		};
/* End PBXContainerItemProxy section */

/* Begin PBXFileReference section */
		6A5377472BD3F92700CE3247 /* feed-case-study.app */ = {isa = PBXFileReference; explicitFileType = wrapper.application; includeInIndex = 0; path = "feed-case-study.app"; sourceTree = BUILT_PRODUCTS_DIR; };
		6A53774A2BD3F92700CE3247 /* AppDelegate.swift */ = {isa = PBXFileReference; lastKnownFileType = sourcecode.swift; path = AppDelegate.swift; sourceTree = "<group>"; };
		6A53774C2BD3F92700CE3247 /* SceneDelegate.swift */ = {isa = PBXFileReference; lastKnownFileType = sourcecode.swift; path = SceneDelegate.swift; sourceTree = "<group>"; };
		6A53774E2BD3F92700CE3247 /* ViewController.swift */ = {isa = PBXFileReference; lastKnownFileType = sourcecode.swift; path = ViewController.swift; sourceTree = "<group>"; };
		6A5377512BD3F92700CE3247 /* Base */ = {isa = PBXFileReference; lastKnownFileType = file.storyboard; name = Base; path = Base.lproj/Main.storyboard; sourceTree = "<group>"; };
		6A5377532BD3F92900CE3247 /* Assets.xcassets */ = {isa = PBXFileReference; lastKnownFileType = folder.assetcatalog; path = Assets.xcassets; sourceTree = "<group>"; };
		6A5377562BD3F92900CE3247 /* Base */ = {isa = PBXFileReference; lastKnownFileType = file.storyboard; name = Base; path = Base.lproj/LaunchScreen.storyboard; sourceTree = "<group>"; };
		6A5377582BD3F92900CE3247 /* Info.plist */ = {isa = PBXFileReference; lastKnownFileType = text.plist.xml; path = Info.plist; sourceTree = "<group>"; };
		6A53775D2BD3F92900CE3247 /* feed-case-studyTests.xctest */ = {isa = PBXFileReference; explicitFileType = wrapper.cfbundle; includeInIndex = 0; path = "feed-case-studyTests.xctest"; sourceTree = BUILT_PRODUCTS_DIR; };
		6A5377612BD3F92900CE3247 /* feed_case_studyTests.swift */ = {isa = PBXFileReference; lastKnownFileType = sourcecode.swift; path = feed_case_studyTests.swift; sourceTree = "<group>"; };
		6A5377672BD3F92900CE3247 /* feed-case-studyUITests.xctest */ = {isa = PBXFileReference; explicitFileType = wrapper.cfbundle; includeInIndex = 0; path = "feed-case-studyUITests.xctest"; sourceTree = BUILT_PRODUCTS_DIR; };
		6A53776B2BD3F92900CE3247 /* feed_case_studyUITests.swift */ = {isa = PBXFileReference; lastKnownFileType = sourcecode.swift; path = feed_case_studyUITests.swift; sourceTree = "<group>"; };
		6A53776D2BD3F92900CE3247 /* feed_case_studyUITestsLaunchTests.swift */ = {isa = PBXFileReference; lastKnownFileType = sourcecode.swift; path = feed_case_studyUITestsLaunchTests.swift; sourceTree = "<group>"; };
/* End PBXFileReference section */

/* Begin PBXFrameworksBuildPhase section */
		6A5377442BD3F92700CE3247 /* Frameworks */ = {
			isa = PBXFrameworksBuildPhase;
			buildActionMask = 2147483647;
			files = (
			);
			runOnlyForDeploymentPostprocessing = 0;
		};
		6A53775A2BD3F92900CE3247 /* Frameworks */ = {
			isa = PBXFrameworksBuildPhase;
			buildActionMask = 2147483647;
			files = (
			);
			runOnlyForDeploymentPostprocessing = 0;
		};
		6A5377642BD3F92900CE3247 /* Frameworks */ = {
			isa = PBXFrameworksBuildPhase;
			buildActionMask = 2147483647;
			files = (
			);
			runOnlyForDeploymentPostprocessing = 0;
		};
/* End PBXFrameworksBuildPhase section */

/* Begin PBXGroup section */
		6A53773E2BD3F92700CE3247 = {
			isa = PBXGroup;
			children = (
				6A5377492BD3F92700CE3247 /* feed-case-study */,
				6A5377602BD3F92900CE3247 /* feed-case-studyTests */,
				6A53776A2BD3F92900CE3247 /* feed-case-studyUITests */,
				6A5377482BD3F92700CE3247 /* Products */,
			);
			sourceTree = "<group>";
		};
		6A5377482BD3F92700CE3247 /* Products */ = {
			isa = PBXGroup;
			children = (
				6A5377472BD3F92700CE3247 /* feed-case-study.app */,
				6A53775D2BD3F92900CE3247 /* feed-case-studyTests.xctest */,
				6A5377672BD3F92900CE3247 /* feed-case-studyUITests.xctest */,
			);
			name = Products;
			sourceTree = "<group>";
		};
		6A5377492BD3F92700CE3247 /* feed-case-study */ = {
			isa = PBXGroup;
			children = (
				6A53774A2BD3F92700CE3247 /* AppDelegate.swift */,
				6A53774C2BD3F92700CE3247 /* SceneDelegate.swift */,
				6A53774E2BD3F92700CE3247 /* ViewController.swift */,
				6A5377502BD3F92700CE3247 /* Main.storyboard */,
				6A5377532BD3F92900CE3247 /* Assets.xcassets */,
				6A5377552BD3F92900CE3247 /* LaunchScreen.storyboard */,
				6A5377582BD3F92900CE3247 /* Info.plist */,
			);
			path = "feed-case-study";
			sourceTree = "<group>";
		};
		6A5377602BD3F92900CE3247 /* feed-case-studyTests */ = {
			isa = PBXGroup;
			children = (
				6A5377612BD3F92900CE3247 /* feed_case_studyTests.swift */,
			);
			path = "feed-case-studyTests";
			sourceTree = "<group>";
		};
		6A53776A2BD3F92900CE3247 /* feed-case-studyUITests */ = {
			isa = PBXGroup;
			children = (
				6A53776B2BD3F92900CE3247 /* feed_case_studyUITests.swift */,
				6A53776D2BD3F92900CE3247 /* feed_case_studyUITestsLaunchTests.swift */,
			);
			path = "feed-case-studyUITests";
			sourceTree = "<group>";
		};
/* End PBXGroup section */

/* Begin PBXNativeTarget section */
		6A5377462BD3F92700CE3247 /* feed-case-study */ = {
			isa = PBXNativeTarget;
			buildConfigurationList = 6A5377712BD3F92900CE3247 /* Build configuration list for PBXNativeTarget "feed-case-study" */;
			buildPhases = (
				6A5377432BD3F92700CE3247 /* Sources */,
				6A5377442BD3F92700CE3247 /* Frameworks */,
				6A5377452BD3F92700CE3247 /* Resources */,
			);
			buildRules = (
			);
			dependencies = (
			);
			name = "feed-case-study";
			productName = "feed-case-study";
			productReference = 6A5377472BD3F92700CE3247 /* feed-case-study.app */;
			productType = "com.apple.product-type.application";
		};
		6A53775C2BD3F92900CE3247 /* feed-case-studyTests */ = {
			isa = PBXNativeTarget;
			buildConfigurationList = 6A5377742BD3F92900CE3247 /* Build configuration list for PBXNativeTarget "feed-case-studyTests" */;
			buildPhases = (
				6A5377592BD3F92900CE3247 /* Sources */,
				6A53775A2BD3F92900CE3247 /* Frameworks */,
				6A53775B2BD3F92900CE3247 /* Resources */,
			);
			buildRules = (
			);
			dependencies = (
				6A53775F2BD3F92900CE3247 /* PBXTargetDependency */,
			);
			name = "feed-case-studyTests";
			productName = "feed-case-studyTests";
			productReference = 6A53775D2BD3F92900CE3247 /* feed-case-studyTests.xctest */;
			productType = "com.apple.product-type.bundle.unit-test";
		};
		6A5377662BD3F92900CE3247 /* feed-case-studyUITests */ = {
			isa = PBXNativeTarget;
			buildConfigurationList = 6A5377772BD3F92900CE3247 /* Build configuration list for PBXNativeTarget "feed-case-studyUITests" */;
			buildPhases = (
				6A5377632BD3F92900CE3247 /* Sources */,
				6A5377642BD3F92900CE3247 /* Frameworks */,
				6A5377652BD3F92900CE3247 /* Resources */,
			);
			buildRules = (
			);
			dependencies = (
				6A5377692BD3F92900CE3247 /* PBXTargetDependency */,
			);
			name = "feed-case-studyUITests";
			productName = "feed-case-studyUITests";
			productReference = 6A5377672BD3F92900CE3247 /* feed-case-studyUITests.xctest */;
			productType = "com.apple.product-type.bundle.ui-testing";
		};
/* End PBXNativeTarget section */

/* Begin PBXProject section */
		6A53773F2BD3F92700CE3247 /* Project object */ = {
			isa = PBXProject;
			attributes = {
				BuildIndependentTargetsInParallel = 1;
				LastSwiftUpdateCheck = 1520;
				LastUpgradeCheck = 1520;
				TargetAttributes = {
					6A5377462BD3F92700CE3247 = {
						CreatedOnToolsVersion = 15.2;
					};
					6A53775C2BD3F92900CE3247 = {
						CreatedOnToolsVersion = 15.2;
						TestTargetID = 6A5377462BD3F92700CE3247;
					};
					6A5377662BD3F92900CE3247 = {
						CreatedOnToolsVersion = 15.2;
						TestTargetID = 6A5377462BD3F92700CE3247;
					};
				};
			};
			buildConfigurationList = 6A5377422BD3F92700CE3247 /* Build configuration list for PBXProject "feed-case-study" */;
			compatibilityVersion = "Xcode 14.0";
			developmentRegion = en;
			hasScannedForEncodings = 0;
			knownRegions = (
				en,
				Base,
			);
			mainGroup = 6A53773E2BD3F92700CE3247;
			productRefGroup = 6A5377482BD3F92700CE3247 /* Products */;
			projectDirPath = "";
			projectRoot = "";
			targets = (
				6A5377462BD3F92700CE3247 /* feed-case-study */,
				6A53775C2BD3F92900CE3247 /* feed-case-studyTests */,
				6A5377662BD3F92900CE3247 /* feed-case-studyUITests */,
			);
		};
/* End PBXProject section */

/* Begin PBXResourcesBuildPhase section */
		6A5377452BD3F92700CE3247 /* Resources */ = {
			isa = PBXResourcesBuildPhase;
			buildActionMask = 2147483647;
			files = (
				6A5377572BD3F92900CE3247 /* LaunchScreen.storyboard in Resources */,
				6A5377542BD3F92900CE3247 /* Assets.xcassets in Resources */,
				6A5377522BD3F92700CE3247 /* Main.storyboard in Resources */,
			);
			runOnlyForDeploymentPostprocessing = 0;
		};
		6A53775B2BD3F92900CE3247 /* Resources */ = {
			isa = PBXResourcesBuildPhase;
			buildActionMask = 2147483647;
			files = (
			);
			runOnlyForDeploymentPostprocessing = 0;
		};
		6A5377652BD3F92900CE3247 /* Resources */ = {
			isa = PBXResourcesBuildPhase;
			buildActionMask = 2147483647;
			files = (
			);
			runOnlyForDeploymentPostprocessing = 0;
		};
/* End PBXResourcesBuildPhase section */

/* Begin PBXSourcesBuildPhase section */
		6A5377432BD3F92700CE3247 /* Sources */ = {
			isa = PBXSourcesBuildPhase;
			buildActionMask = 2147483647;
			files = (
				6A53774F2BD3F92700CE3247 /* ViewController.swift in Sources */,
				6A53774B2BD3F92700CE3247 /* AppDelegate.swift in Sources */,
				6A53774D2BD3F92700CE3247 /* SceneDelegate.swift in Sources */,
			);
			runOnlyForDeploymentPostprocessing = 0;
		};
		6A5377592BD3F92900CE3247 /* Sources */ = {
			isa = PBXSourcesBuildPhase;
			buildActionMask = 2147483647;
			files = (
				6A5377622BD3F92900CE3247 /* feed_case_studyTests.swift in Sources */,
			);
			runOnlyForDeploymentPostprocessing = 0;
		};
		6A5377632BD3F92900CE3247 /* Sources */ = {
			isa = PBXSourcesBuildPhase;
			buildActionMask = 2147483647;
			files = (
				6A53776E2BD3F92900CE3247 /* feed_case_studyUITestsLaunchTests.swift in Sources */,
				6A53776C2BD3F92900CE3247 /* feed_case_studyUITests.swift in Sources */,
			);
			runOnlyForDeploymentPostprocessing = 0;
		};
/* End PBXSourcesBuildPhase section */

/* Begin PBXTargetDependency section */
		6A53775F2BD3F92900CE3247 /* PBXTargetDependency */ = {
			isa = PBXTargetDependency;
			target = 6A5377462BD3F92700CE3247 /* feed-case-study */;
			targetProxy = 6A53775E2BD3F92900CE3247 /* PBXContainerItemProxy */;
		};
		6A5377692BD3F92900CE3247 /* PBXTargetDependency */ = {
			isa = PBXTargetDependency;
			target = 6A5377462BD3F92700CE3247 /* feed-case-study */;
			targetProxy = 6A5377682BD3F92900CE3247 /* PBXContainerItemProxy */;
		};
/* End PBXTargetDependency section */

/* Begin PBXVariantGroup section */
		6A5377502BD3F92700CE3247 /* Main.storyboard */ = {
			isa = PBXVariantGroup;
			children = (
				6A5377512BD3F92700CE3247 /* Base */,
			);
			name = Main.storyboard;
			sourceTree = "<group>";
		};
		6A5377552BD3F92900CE3247 /* LaunchScreen.storyboard */ = {
			isa = PBXVariantGroup;
			children = (
				6A5377562BD3F92900CE3247 /* Base */,
			);
			name = LaunchScreen.storyboard;
			sourceTree = "<group>";
		};
/* End PBXVariantGroup section */

/* Begin XCBuildConfiguration section */
		6A53776F2BD3F92900CE3247 /* Debug */ = {
			isa = XCBuildConfiguration;
			buildSettings = {
				ALWAYS_SEARCH_USER_PATHS = NO;
				ASSETCATALOG_COMPILER_GENERATE_SWIFT_ASSET_SYMBOL_EXTENSIONS = YES;
				CLANG_ANALYZER_NONNULL = YES;
				CLANG_ANALYZER_NUMBER_OBJECT_CONVERSION = YES_AGGRESSIVE;
				CLANG_CXX_LANGUAGE_STANDARD = "gnu++20";
				CLANG_ENABLE_MODULES = YES;
				CLANG_ENABLE_OBJC_ARC = YES;
				CLANG_ENABLE_OBJC_WEAK = YES;
				CLANG_WARN_BLOCK_CAPTURE_AUTORELEASING = YES;
				CLANG_WARN_BOOL_CONVERSION = YES;
				CLANG_WARN_COMMA = YES;
				CLANG_WARN_CONSTANT_CONVERSION = YES;
				CLANG_WARN_DEPRECATED_OBJC_IMPLEMENTATIONS = YES;
				CLANG_WARN_DIRECT_OBJC_ISA_USAGE = YES_ERROR;
				CLANG_WARN_DOCUMENTATION_COMMENTS = YES;
				CLANG_WARN_EMPTY_BODY = YES;
				CLANG_WARN_ENUM_CONVERSION = YES;
				CLANG_WARN_INFINITE_RECURSION = YES;
				CLANG_WARN_INT_CONVERSION = YES;
				CLANG_WARN_NON_LITERAL_NULL_CONVERSION = YES;
				CLANG_WARN_OBJC_IMPLICIT_RETAIN_SELF = YES;
				CLANG_WARN_OBJC_LITERAL_CONVERSION = YES;
				CLANG_WARN_OBJC_ROOT_CLASS = YES_ERROR;
				CLANG_WARN_QUOTED_INCLUDE_IN_FRAMEWORK_HEADER = YES;
				CLANG_WARN_RANGE_LOOP_ANALYSIS = YES;
				CLANG_WARN_STRICT_PROTOTYPES = YES;
				CLANG_WARN_SUSPICIOUS_MOVE = YES;
				CLANG_WARN_UNGUARDED_AVAILABILITY = YES_AGGRESSIVE;
				CLANG_WARN_UNREACHABLE_CODE = YES;
				CLANG_WARN__DUPLICATE_METHOD_MATCH = YES;
				COPY_PHASE_STRIP = NO;
				DEBUG_INFORMATION_FORMAT = dwarf;
				ENABLE_STRICT_OBJC_MSGSEND = YES;
				ENABLE_TESTABILITY = YES;
				ENABLE_USER_SCRIPT_SANDBOXING = YES;
				GCC_C_LANGUAGE_STANDARD = gnu17;
				GCC_DYNAMIC_NO_PIC = NO;
				GCC_NO_COMMON_BLOCKS = YES;
				GCC_OPTIMIZATION_LEVEL = 0;
				GCC_PREPROCESSOR_DEFINITIONS = (
					"DEBUG=1",
					"$(inherited)",
				);
				GCC_WARN_64_TO_32_BIT_CONVERSION = YES;
				GCC_WARN_ABOUT_RETURN_TYPE = YES_ERROR;
				GCC_WARN_UNDECLARED_SELECTOR = YES;
				GCC_WARN_UNINITIALIZED_AUTOS = YES_AGGRESSIVE;
				GCC_WARN_UNUSED_FUNCTION = YES;
				GCC_WARN_UNUSED_VARIABLE = YES;
				IPHONEOS_DEPLOYMENT_TARGET = 17.2;
				LOCALIZATION_PREFERS_STRING_CATALOGS = YES;
				MTL_ENABLE_DEBUG_INFO = INCLUDE_SOURCE;
				MTL_FAST_MATH = YES;
				ONLY_ACTIVE_ARCH = YES;
				SDKROOT = iphoneos;
				SWIFT_ACTIVE_COMPILATION_CONDITIONS = "DEBUG $(inherited)";
				SWIFT_OPTIMIZATION_LEVEL = "-Onone";
			};
			name = Debug;
		};
		6A5377702BD3F92900CE3247 /* Release */ = {
			isa = XCBuildConfiguration;
			buildSettings = {
				ALWAYS_SEARCH_USER_PATHS = NO;
				ASSETCATALOG_COMPILER_GENERATE_SWIFT_ASSET_SYMBOL_EXTENSIONS = YES;
				CLANG_ANALYZER_NONNULL = YES;
				CLANG_ANALYZER_NUMBER_OBJECT_CONVERSION = YES_AGGRESSIVE;
				CLANG_CXX_LANGUAGE_STANDARD = "gnu++20";
				CLANG_ENABLE_MODULES = YES;
				CLANG_ENABLE_OBJC_ARC = YES;
				CLANG_ENABLE_OBJC_WEAK = YES;
				CLANG_WARN_BLOCK_CAPTURE_AUTORELEASING = YES;
				CLANG_WARN_BOOL_CONVERSION = YES;
				CLANG_WARN_COMMA = YES;
				CLANG_WARN_CONSTANT_CONVERSION = YES;
				CLANG_WARN_DEPRECATED_OBJC_IMPLEMENTATIONS = YES;
				CLANG_WARN_DIRECT_OBJC_ISA_USAGE = YES_ERROR;
				CLANG_WARN_DOCUMENTATION_COMMENTS = YES;
				CLANG_WARN_EMPTY_BODY = YES;
				CLANG_WARN_ENUM_CONVERSION = YES;
				CLANG_WARN_INFINITE_RECURSION = YES;
				CLANG_WARN_INT_CONVERSION = YES;
				CLANG_WARN_NON_LITERAL_NULL_CONVERSION = YES;
				CLANG_WARN_OBJC_IMPLICIT_RETAIN_SELF = YES;
				CLANG_WARN_OBJC_LITERAL_CONVERSION = YES;
				CLANG_WARN_OBJC_ROOT_CLASS = YES_ERROR;
				CLANG_WARN_QUOTED_INCLUDE_IN_FRAMEWORK_HEADER = YES;
				CLANG_WARN_RANGE_LOOP_ANALYSIS = YES;
				CLANG_WARN_STRICT_PROTOTYPES = YES;
				CLANG_WARN_SUSPICIOUS_MOVE = YES;
				CLANG_WARN_UNGUARDED_AVAILABILITY = YES_AGGRESSIVE;
				CLANG_WARN_UNREACHABLE_CODE = YES;
				CLANG_WARN__DUPLICATE_METHOD_MATCH = YES;
				COPY_PHASE_STRIP = NO;
				DEBUG_INFORMATION_FORMAT = "dwarf-with-dsym";
				ENABLE_NS_ASSERTIONS = NO;
				ENABLE_STRICT_OBJC_MSGSEND = YES;
				ENABLE_USER_SCRIPT_SANDBOXING = YES;
				GCC_C_LANGUAGE_STANDARD = gnu17;
				GCC_NO_COMMON_BLOCKS = YES;
				GCC_WARN_64_TO_32_BIT_CONVERSION = YES;
				GCC_WARN_ABOUT_RETURN_TYPE = YES_ERROR;
				GCC_WARN_UNDECLARED_SELECTOR = YES;
				GCC_WARN_UNINITIALIZED_AUTOS = YES_AGGRESSIVE;
				GCC_WARN_UNUSED_FUNCTION = YES;
				GCC_WARN_UNUSED_VARIABLE = YES;
				IPHONEOS_DEPLOYMENT_TARGET = 17.2;
				LOCALIZATION_PREFERS_STRING_CATALOGS = YES;
				MTL_ENABLE_DEBUG_INFO = NO;
				MTL_FAST_MATH = YES;
				SDKROOT = iphoneos;
				SWIFT_COMPILATION_MODE = wholemodule;
				VALIDATE_PRODUCT = YES;
			};
			name = Release;
		};
		6A5377722BD3F92900CE3247 /* Debug */ = {
			isa = XCBuildConfiguration;
			buildSettings = {
				ASSETCATALOG_COMPILER_APPICON_NAME = AppIcon;
				ASSETCATALOG_COMPILER_GLOBAL_ACCENT_COLOR_NAME = AccentColor;
				CODE_SIGN_STYLE = Automatic;
				CURRENT_PROJECT_VERSION = 1;
				GENERATE_INFOPLIST_FILE = YES;
				INFOPLIST_FILE = "feed-case-study/Info.plist";
				INFOPLIST_KEY_UIApplicationSupportsIndirectInputEvents = YES;
				INFOPLIST_KEY_UILaunchStoryboardName = LaunchScreen;
				INFOPLIST_KEY_UIMainStoryboardFile = Main;
				INFOPLIST_KEY_UISupportedInterfaceOrientations_iPad = "UIInterfaceOrientationPortrait UIInterfaceOrientationPortraitUpsideDown UIInterfaceOrientationLandscapeLeft UIInterfaceOrientationLandscapeRight";
				INFOPLIST_KEY_UISupportedInterfaceOrientations_iPhone = "UIInterfaceOrientationPortrait UIInterfaceOrientationLandscapeLeft UIInterfaceOrientationLandscapeRight";
				LD_RUNPATH_SEARCH_PATHS = (
					"$(inherited)",
					"@executable_path/Frameworks",
				);
				MARKETING_VERSION = 1.0;
				PRODUCT_BUNDLE_IDENTIFIER = "bernardon.larissa.feed-case-study";
				PRODUCT_NAME = "$(TARGET_NAME)";
				SWIFT_EMIT_LOC_STRINGS = YES;
				SWIFT_VERSION = 5.0;
				TARGETED_DEVICE_FAMILY = "1,2";
			};
			name = Debug;
		};
		6A5377732BD3F92900CE3247 /* Release */ = {
			isa = XCBuildConfiguration;
			buildSettings = {
				ASSETCATALOG_COMPILER_APPICON_NAME = AppIcon;
				ASSETCATALOG_COMPILER_GLOBAL_ACCENT_COLOR_NAME = AccentColor;
				CODE_SIGN_STYLE = Automatic;
				CURRENT_PROJECT_VERSION = 1;
				GENERATE_INFOPLIST_FILE = YES;
				INFOPLIST_FILE = "feed-case-study/Info.plist";
				INFOPLIST_KEY_UIApplicationSupportsIndirectInputEvents = YES;
				INFOPLIST_KEY_UILaunchStoryboardName = LaunchScreen;
				INFOPLIST_KEY_UIMainStoryboardFile = Main;
				INFOPLIST_KEY_UISupportedInterfaceOrientations_iPad = "UIInterfaceOrientationPortrait UIInterfaceOrientationPortraitUpsideDown UIInterfaceOrientationLandscapeLeft UIInterfaceOrientationLandscapeRight";
				INFOPLIST_KEY_UISupportedInterfaceOrientations_iPhone = "UIInterfaceOrientationPortrait UIInterfaceOrientationLandscapeLeft UIInterfaceOrientationLandscapeRight";
				LD_RUNPATH_SEARCH_PATHS = (
					"$(inherited)",
					"@executable_path/Frameworks",
				);
				MARKETING_VERSION = 1.0;
				PRODUCT_BUNDLE_IDENTIFIER = "bernardon.larissa.feed-case-study";
				PRODUCT_NAME = "$(TARGET_NAME)";
				SWIFT_EMIT_LOC_STRINGS = YES;
				SWIFT_VERSION = 5.0;
				TARGETED_DEVICE_FAMILY = "1,2";
			};
			name = Release;
		};
		6A5377752BD3F92900CE3247 /* Debug */ = {
			isa = XCBuildConfiguration;
			buildSettings = {
				ALWAYS_EMBED_SWIFT_STANDARD_LIBRARIES = YES;
				BUNDLE_LOADER = "$(TEST_HOST)";
				CODE_SIGN_STYLE = Automatic;
				CURRENT_PROJECT_VERSION = 1;
				GENERATE_INFOPLIST_FILE = YES;
				IPHONEOS_DEPLOYMENT_TARGET = 17.2;
				MARKETING_VERSION = 1.0;
				PRODUCT_BUNDLE_IDENTIFIER = "bernardon.larissa.feed-case-studyTests";
				PRODUCT_NAME = "$(TARGET_NAME)";
				SWIFT_EMIT_LOC_STRINGS = NO;
				SWIFT_VERSION = 5.0;
				TARGETED_DEVICE_FAMILY = "1,2";
				TEST_HOST = "$(BUILT_PRODUCTS_DIR)/feed-case-study.app/$(BUNDLE_EXECUTABLE_FOLDER_PATH)/feed-case-study";
			};
			name = Debug;
		};
		6A5377762BD3F92900CE3247 /* Release */ = {
			isa = XCBuildConfiguration;
			buildSettings = {
				ALWAYS_EMBED_SWIFT_STANDARD_LIBRARIES = YES;
				BUNDLE_LOADER = "$(TEST_HOST)";
				CODE_SIGN_STYLE = Automatic;
				CURRENT_PROJECT_VERSION = 1;
				GENERATE_INFOPLIST_FILE = YES;
				IPHONEOS_DEPLOYMENT_TARGET = 17.2;
				MARKETING_VERSION = 1.0;
				PRODUCT_BUNDLE_IDENTIFIER = "bernardon.larissa.feed-case-studyTests";
				PRODUCT_NAME = "$(TARGET_NAME)";
				SWIFT_EMIT_LOC_STRINGS = NO;
				SWIFT_VERSION = 5.0;
				TARGETED_DEVICE_FAMILY = "1,2";
				TEST_HOST = "$(BUILT_PRODUCTS_DIR)/feed-case-study.app/$(BUNDLE_EXECUTABLE_FOLDER_PATH)/feed-case-study";
			};
			name = Release;
		};
		6A5377782BD3F92900CE3247 /* Debug */ = {
			isa = XCBuildConfiguration;
			buildSettings = {
				ALWAYS_EMBED_SWIFT_STANDARD_LIBRARIES = YES;
				CODE_SIGN_STYLE = Automatic;
				CURRENT_PROJECT_VERSION = 1;
				GENERATE_INFOPLIST_FILE = YES;
				MARKETING_VERSION = 1.0;
				PRODUCT_BUNDLE_IDENTIFIER = "bernardon.larissa.feed-case-studyUITests";
				PRODUCT_NAME = "$(TARGET_NAME)";
				SWIFT_EMIT_LOC_STRINGS = NO;
				SWIFT_VERSION = 5.0;
				TARGETED_DEVICE_FAMILY = "1,2";
				TEST_TARGET_NAME = "feed-case-study";
			};
			name = Debug;
		};
		6A5377792BD3F92900CE3247 /* Release */ = {
			isa = XCBuildConfiguration;
			buildSettings = {
				ALWAYS_EMBED_SWIFT_STANDARD_LIBRARIES = YES;
				CODE_SIGN_STYLE = Automatic;
				CURRENT_PROJECT_VERSION = 1;
				GENERATE_INFOPLIST_FILE = YES;
				MARKETING_VERSION = 1.0;
				PRODUCT_BUNDLE_IDENTIFIER = "bernardon.larissa.feed-case-studyUITests";
				PRODUCT_NAME = "$(TARGET_NAME)";
				SWIFT_EMIT_LOC_STRINGS = NO;
				SWIFT_VERSION = 5.0;
				TARGETED_DEVICE_FAMILY = "1,2";
				TEST_TARGET_NAME = "feed-case-study";
			};
			name = Release;
		};
/* End XCBuildConfiguration section */

/* Begin XCConfigurationList section */
		6A5377422BD3F92700CE3247 /* Build configuration list for PBXProject "feed-case-study" */ = {
			isa = XCConfigurationList;
			buildConfigurations = (
				6A53776F2BD3F92900CE3247 /* Debug */,
				6A5377702BD3F92900CE3247 /* Release */,
			);
			defaultConfigurationIsVisible = 0;
			defaultConfigurationName = Release;
		};
		6A5377712BD3F92900CE3247 /* Build configuration list for PBXNativeTarget "feed-case-study" */ = {
			isa = XCConfigurationList;
			buildConfigurations = (
				6A5377722BD3F92900CE3247 /* Debug */,
				6A5377732BD3F92900CE3247 /* Release */,
			);
			defaultConfigurationIsVisible = 0;
			defaultConfigurationName = Release;
		};
		6A5377742BD3F92900CE3247 /* Build configuration list for PBXNativeTarget "feed-case-studyTests" */ = {
			isa = XCConfigurationList;
			buildConfigurations = (
				6A5377752BD3F92900CE3247 /* Debug */,
				6A5377762BD3F92900CE3247 /* Release */,
			);
			defaultConfigurationIsVisible = 0;
			defaultConfigurationName = Release;
		};
		6A5377772BD3F92900CE3247 /* Build configuration list for PBXNativeTarget "feed-case-studyUITests" */ = {
			isa = XCConfigurationList;
			buildConfigurations = (
				6A5377782BD3F92900CE3247 /* Debug */,
				6A5377792BD3F92900CE3247 /* Release */,
			);
			defaultConfigurationIsVisible = 0;
			defaultConfigurationName = Release;
		};
/* End XCConfigurationList section */
	};
	rootObject = 6A53773F2BD3F92700CE3247 /* Project object */;
}
